
Microsoft Visual Studio Solution File, Format Version 12.00
# Visual Studio Version 17
VisualStudioVersion = 17.11.35222.181
MinimumVisualStudioVersion = 10.0.40219.1
Project("{FAE04EC0-301F-11D3-BF4B-00C04F79EFBC}") = "Mirror", "Mirror.csproj", "{C9D38065-07A6-4A38-A3A2-58B7F558C10E}"
EndProject
Global
	GlobalSection(SolutionConfigurationPlatforms) = preSolution
		Debug|Any CPU = Debug|Any CPU
		Release|Any CPU = Release|Any CPU
	EndGlobalSection
	GlobalSection(ProjectConfigurationPlatforms) = postSolution
		{C9D38065-07A6-4A38-A3A2-58B7F558C10E}.Debug|Any CPU.ActiveCfg = Debug|Any CPU
		{C9D38065-07A6-4A38-A3A2-58B7F558C10E}.Debug|Any CPU.Build.0 = Debug|Any CPU
		{C9D38065-07A6-4A38-A3A2-58B7F558C10E}.Release|Any CPU.ActiveCfg = Release|Any CPU
		{C9D38065-07A6-4A38-A3A2-58B7F558C10E}.Release|Any CPU.Build.0 = Release|Any CPU
	EndGlobalSection
	GlobalSection(SolutionProperties) = preSolution
		HideSolutionNode = FALSE
	EndGlobalSection
	GlobalSection(ExtensibilityGlobals) = postSolution
		SolutionGuid = {7D794E83-390D-4311-8C0E-49A705F09D8A}
	EndGlobalSection
EndGlobal
